
Microsoft Visual Studio Solution File, Format Version 12.00
# Visual Studio Version 17
VisualStudioVersion = 17.14.36518.9 d17.14
MinimumVisualStudioVersion = 10.0.40219.1
Project("{F184B08F-C81C-45F6-A57F-5ABD9991F28F}") = "Programmentwurf_Lösung_Unterricht", "Programmentwurf_Lösung_Unterricht\Programmentwurf_Lösung_Unterricht.vbproj", "{A59A9BE2-98FE-4B53-AF37-5ED79122109F}"
EndProject
Global
	GlobalSection(SolutionConfigurationPlatforms) = preSolution
		Debug|Any CPU = Debug|Any CPU
		Release|Any CPU = Release|Any CPU
	EndGlobalSection
	GlobalSection(ProjectConfigurationPlatforms) = postSolution
		{A59A9BE2-98FE-4B53-AF37-5ED79122109F}.Debug|Any CPU.ActiveCfg = Debug|Any CPU
		{A59A9BE2-98FE-4B53-AF37-5ED79122109F}.Debug|Any CPU.Build.0 = Debug|Any CPU
		{A59A9BE2-98FE-4B53-AF37-5ED79122109F}.Release|Any CPU.ActiveCfg = Release|Any CPU
		{A59A9BE2-98FE-4B53-AF37-5ED79122109F}.Release|Any CPU.Build.0 = Release|Any CPU
	EndGlobalSection
	GlobalSection(SolutionProperties) = preSolution
		HideSolutionNode = FALSE
	EndGlobalSection
	GlobalSection(ExtensibilityGlobals) = postSolution
		SolutionGuid = {23B5207B-87F7-4ADE-AE1B-877CD127A6F4}
	EndGlobalSection
EndGlobal
